{
  "name": "topogram-proof-widget-design-realization",
  "version": "0.1.0",
  "lockfileVersion": 3,
  "requires": true,
  "packages": {
    "": {
      "name": "topogram-proof-widget-design-realization",
      "version": "0.1.0",
      "devDependencies": {
        "@topogram/cli": "0.3.110"
      }
    },
    "node_modules/@topogram/cli": {
      "version": "0.3.110",
      "resolved": "https://registry.npmjs.org/@topogram/cli/-/cli-0.3.110.tgz",
      "integrity": "sha512-dvEtmT5hpJvu/QMxve16cwPi03LLndZo5uvBDGPrVlsoBtc/9Ry4rDt9080UkVHS8Y4l+m/UpKyEuLT49Retmw==",
      "dev": true,
      "license": "Apache-2.0",
      "bin": {
        "topogram": "src/cli.js"
      },
      "engines": {
        "node": ">=20"
      }
    }
  }
}
